// !$*UTF8*$!
{
	archiveVersion = 1;
	classes = {
	};
	objectVersion = 50;
	objects = {

/* Begin PBXBuildFile section */
		2F5F5D20A78847B796A52BF8 /* Pods_Product_ProductUITests.framework in Frameworks */ = {isa = PBXBuildFile; fileRef = 5B29F1F793869A4872DBE18C /* Pods_Product_ProductUITests.framework */; };
		6588F66C266A42E700EFA8B7 /* AppDelegate.swift in Sources */ = {isa = PBXBuildFile; fileRef = 6588F66B266A42E700EFA8B7 /* AppDelegate.swift */; };
		6588F675266A42E800EFA8B7 /* Assets.xcassets in Resources */ = {isa = PBXBuildFile; fileRef = 6588F674266A42E800EFA8B7 /* Assets.xcassets */; };
		6588F678266A42E800EFA8B7 /* LaunchScreen.storyboard in Resources */ = {isa = PBXBuildFile; fileRef = 6588F676266A42E800EFA8B7 /* LaunchScreen.storyboard */; };
		6588F683266A42E800EFA8B7 /* ProductTests.swift in Sources */ = {isa = PBXBuildFile; fileRef = 6588F682266A42E800EFA8B7 /* ProductTests.swift */; };
		6588F68E266A42E800EFA8B7 /* ProductUITests.swift in Sources */ = {isa = PBXBuildFile; fileRef = 6588F68D266A42E800EFA8B7 /* ProductUITests.swift */; };
		65CCB0C4266B96D200866EDA /* BaseView.swift in Sources */ = {isa = PBXBuildFile; fileRef = 65CCB0C2266B96D200866EDA /* BaseView.swift */; };
		65CCB0C5266B96D200866EDA /* BaseController.swift in Sources */ = {isa = PBXBuildFile; fileRef = 65CCB0C3266B96D200866EDA /* BaseController.swift */; };
		65CCB0CA266B976400866EDA /* ViewLifeCycle.swift in Sources */ = {isa = PBXBuildFile; fileRef = 65CCB0C9266B976400866EDA /* ViewLifeCycle.swift */; };
		65CCB0CF266B978300866EDA /* BaseController+ViewLoader.swift in Sources */ = {isa = PBXBuildFile; fileRef = 65CCB0CE266B978300866EDA /* BaseController+ViewLoader.swift */; };
		65CCB0D5266B97D800866EDA /* String+Utils.swift in Sources */ = {isa = PBXBuildFile; fileRef = 65CCB0D4266B97D800866EDA /* String+Utils.swift */; };
		65CCB0DD266B984100866EDA /* ErrorHandling.swift in Sources */ = {isa = PBXBuildFile; fileRef = 65CCB0DC266B984100866EDA /* ErrorHandling.swift */; };
		65CCB0E5266B9BB900866EDA /* ProductListController.swift in Sources */ = {isa = PBXBuildFile; fileRef = 65CCB0E2266B9BB900866EDA /* ProductListController.swift */; };
		65CCB0E6266B9BB900866EDA /* ProductListView.swift in Sources */ = {isa = PBXBuildFile; fileRef = 65CCB0E3266B9BB900866EDA /* ProductListView.swift */; };
		65CCB0E7266B9BB900866EDA /* ProductListView.xib in Resources */ = {isa = PBXBuildFile; fileRef = 65CCB0E4266B9BB900866EDA /* ProductListView.xib */; };
		65CCB0FC266BB4AC00866EDA /* TableView.swift in Sources */ = {isa = PBXBuildFile; fileRef = 65CCB0FB266BB4AC00866EDA /* TableView.swift */; };
		65CCB101266BB54C00866EDA /* NibLoadable.swift in Sources */ = {isa = PBXBuildFile; fileRef = 65CCB100266BB54C00866EDA /* NibLoadable.swift */; };
		65CCB109266BB57800866EDA /* ReusableView.swift in Sources */ = {isa = PBXBuildFile; fileRef = 65CCB108266BB57800866EDA /* ReusableView.swift */; };
		65CCB114266BC1BE00866EDA /* ProductCell.swift in Sources */ = {isa = PBXBuildFile; fileRef = 65CCB112266BC1BE00866EDA /* ProductCell.swift */; };
		65CCB115266BC1BE00866EDA /* ProductCell.xib in Resources */ = {isa = PBXBuildFile; fileRef = 65CCB113266BC1BE00866EDA /* ProductCell.xib */; };
		65CCB11D266BC8D900866EDA /* Date+Utils.swift in Sources */ = {isa = PBXBuildFile; fileRef = 65CCB11C266BC8D900866EDA /* Date+Utils.swift */; };
		65CCB125266BD4CB00866EDA /* ImageCache.swift in Sources */ = {isa = PBXBuildFile; fileRef = 65CCB123266BD4CB00866EDA /* ImageCache.swift */; };
		65CCB126266BD4CB00866EDA /* ImageLoader.swift in Sources */ = {isa = PBXBuildFile; fileRef = 65CCB124266BD4CB00866EDA /* ImageLoader.swift */; };
		65CCB146266BE2BA00866EDA /* ProductDetailsController.swift in Sources */ = {isa = PBXBuildFile; fileRef = 65CCB143266BE2BA00866EDA /* ProductDetailsController.swift */; };
		65CCB147266BE2BA00866EDA /* ProductDetailsView.swift in Sources */ = {isa = PBXBuildFile; fileRef = 65CCB144266BE2BA00866EDA /* ProductDetailsView.swift */; };
		65CCB148266BE2BA00866EDA /* ProductDetailsView.xib in Resources */ = {isa = PBXBuildFile; fileRef = 65CCB145266BE2BA00866EDA /* ProductDetailsView.xib */; };
		65CCB14D266BE72600866EDA /* CollectionView.swift in Sources */ = {isa = PBXBuildFile; fileRef = 65CCB14C266BE72600866EDA /* CollectionView.swift */; };
		65CCB15A266BE85900866EDA /* ProductImage.swift in Sources */ = {isa = PBXBuildFile; fileRef = 65CCB159266BE85900866EDA /* ProductImage.swift */; };
		65CCB161266BEA7600866EDA /* ProductImageCell.swift in Sources */ = {isa = PBXBuildFile; fileRef = 65CCB15F266BEA7600866EDA /* ProductImageCell.swift */; };
		65CCB162266BEA7600866EDA /* ProductImageCell.xib in Resources */ = {isa = PBXBuildFile; fileRef = 65CCB160266BEA7600866EDA /* ProductImageCell.xib */; };
		65FDB0A9266A76A6000A3126 /* Repository.swift in Sources */ = {isa = PBXBuildFile; fileRef = 65FDB0A8266A76A6000A3126 /* Repository.swift */; };
		65FDB0B2266A79B7000A3126 /* Types.swift in Sources */ = {isa = PBXBuildFile; fileRef = 65FDB0B1266A79B7000A3126 /* Types.swift */; };
		65FDB0BA266A79D5000A3126 /* Enums.swift in Sources */ = {isa = PBXBuildFile; fileRef = 65FDB0B9266A79D5000A3126 /* Enums.swift */; };
		65FDB0C0266A7A12000A3126 /* ErrorConvertible.swift in Sources */ = {isa = PBXBuildFile; fileRef = 65FDB0BF266A7A12000A3126 /* ErrorConvertible.swift */; };
		65FDB0C9266A7AC5000A3126 /* ProductsProvider.swift in Sources */ = {isa = PBXBuildFile; fileRef = 65FDB0C8266A7AC5000A3126 /* ProductsProvider.swift */; };
		65FDB0CE266A7B60000A3126 /* ProductsAPIRepository.swift in Sources */ = {isa = PBXBuildFile; fileRef = 65FDB0CD266A7B60000A3126 /* ProductsAPIRepository.swift */; };
		65FDB0D4266A7BBA000A3126 /* Product.swift in Sources */ = {isa = PBXBuildFile; fileRef = 65FDB0D3266A7BBA000A3126 /* Product.swift */; };
		65FDB0E0266A8AE2000A3126 /* ProductsResponse.swift in Sources */ = {isa = PBXBuildFile; fileRef = 65FDB0DF266A8AE2000A3126 /* ProductsResponse.swift */; };
		65FDB0E9266A8FFA000A3126 /* ProductsService.swift in Sources */ = {isa = PBXBuildFile; fileRef = 65FDB0E8266A8FFA000A3126 /* ProductsService.swift */; };
		65FDB0F1266A9610000A3126 /* Constants.swift in Sources */ = {isa = PBXBuildFile; fileRef = 65FDB0F0266A9610000A3126 /* Constants.swift */; };
		65FDB0F7266A996C000A3126 /* Codable+Helper.swift in Sources */ = {isa = PBXBuildFile; fileRef = 65FDB0F6266A996C000A3126 /* Codable+Helper.swift */; };
		65FDB0FD266AA0CC000A3126 /* ProductsViewModel.swift in Sources */ = {isa = PBXBuildFile; fileRef = 65FDB0FC266AA0CC000A3126 /* ProductsViewModel.swift */; };
		65FDB102266AAF14000A3126 /* Strings.swift in Sources */ = {isa = PBXBuildFile; fileRef = 65FDB101266AAF14000A3126 /* Strings.swift */; };
		A23B030CF42380EB756B7387 /* Pods_Product.framework in Frameworks */ = {isa = PBXBuildFile; fileRef = F363EF92B4B980D8ED7EA75C /* Pods_Product.framework */; };
		D2D12ADF3547FFC7A4645BC4 /* Pods_ProductTests.framework in Frameworks */ = {isa = PBXBuildFile; fileRef = 5D2A9CA93AB5E5DA45D1FE2F /* Pods_ProductTests.framework */; };
/* End PBXBuildFile section */

/* Begin PBXContainerItemProxy section */
		6588F67F266A42E800EFA8B7 /* PBXContainerItemProxy */ = {
			isa = PBXContainerItemProxy;
			containerPortal = 6588F660266A42E700EFA8B7 /* Project object */;
			proxyType = 1;
			remoteGlobalIDString = 6588F667266A42E700EFA8B7;
			remoteInfo = Product;
		};
		6588F68A266A42E800EFA8B7 /* PBXContainerItemProxy */ = {
			isa = PBXContainerItemProxy;
			containerPortal = 6588F660266A42E700EFA8B7 /* Project object */;
			proxyType = 1;
			remoteGlobalIDString = 6588F667266A42E700EFA8B7;
			remoteInfo = Product;
		};
/* End PBXContainerItemProxy section */

/* Begin PBXFileReference section */
		13775756548F5A4AAAFC28C4 /* Pods-Product-ProductUITests.debug.xcconfig */ = {isa = PBXFileReference; includeInIndex = 1; lastKnownFileType = text.xcconfig; name = "Pods-Product-ProductUITests.debug.xcconfig"; path = "Target Support Files/Pods-Product-ProductUITests/Pods-Product-ProductUITests.debug.xcconfig"; sourceTree = "<group>"; };
		349BBC8AEDB2849854FEECC8 /* Pods-Product.debug.xcconfig */ = {isa = PBXFileReference; includeInIndex = 1; lastKnownFileType = text.xcconfig; name = "Pods-Product.debug.xcconfig"; path = "Target Support Files/Pods-Product/Pods-Product.debug.xcconfig"; sourceTree = "<group>"; };
		5B29F1F793869A4872DBE18C /* Pods_Product_ProductUITests.framework */ = {isa = PBXFileReference; explicitFileType = wrapper.framework; includeInIndex = 0; path = Pods_Product_ProductUITests.framework; sourceTree = BUILT_PRODUCTS_DIR; };
		5D2A9CA93AB5E5DA45D1FE2F /* Pods_ProductTests.framework */ = {isa = PBXFileReference; explicitFileType = wrapper.framework; includeInIndex = 0; path = Pods_ProductTests.framework; sourceTree = BUILT_PRODUCTS_DIR; };
		6588F668266A42E700EFA8B7 /* Product.app */ = {isa = PBXFileReference; explicitFileType = wrapper.application; includeInIndex = 0; path = Product.app; sourceTree = BUILT_PRODUCTS_DIR; };
		6588F66B266A42E700EFA8B7 /* AppDelegate.swift */ = {isa = PBXFileReference; lastKnownFileType = sourcecode.swift; path = AppDelegate.swift; sourceTree = "<group>"; };
		6588F674266A42E800EFA8B7 /* Assets.xcassets */ = {isa = PBXFileReference; lastKnownFileType = folder.assetcatalog; path = Assets.xcassets; sourceTree = "<group>"; };
		6588F677266A42E800EFA8B7 /* Base */ = {isa = PBXFileReference; lastKnownFileType = file.storyboard; name = Base; path = Base.lproj/LaunchScreen.storyboard; sourceTree = "<group>"; };
		6588F679266A42E800EFA8B7 /* Info.plist */ = {isa = PBXFileReference; lastKnownFileType = text.plist.xml; path = Info.plist; sourceTree = "<group>"; };
		6588F67E266A42E800EFA8B7 /* ProductTests.xctest */ = {isa = PBXFileReference; explicitFileType = wrapper.cfbundle; includeInIndex = 0; path = ProductTests.xctest; sourceTree = BUILT_PRODUCTS_DIR; };
		6588F682266A42E800EFA8B7 /* ProductTests.swift */ = {isa = PBXFileReference; lastKnownFileType = sourcecode.swift; path = ProductTests.swift; sourceTree = "<group>"; };
		6588F684266A42E800EFA8B7 /* Info.plist */ = {isa = PBXFileReference; lastKnownFileType = text.plist.xml; path = Info.plist; sourceTree = "<group>"; };
		6588F689266A42E800EFA8B7 /* ProductUITests.xctest */ = {isa = PBXFileReference; explicitFileType = wrapper.cfbundle; includeInIndex = 0; path = ProductUITests.xctest; sourceTree = BUILT_PRODUCTS_DIR; };
		6588F68D266A42E800EFA8B7 /* ProductUITests.swift */ = {isa = PBXFileReference; lastKnownFileType = sourcecode.swift; path = ProductUITests.swift; sourceTree = "<group>"; };
		6588F68F266A42E800EFA8B7 /* Info.plist */ = {isa = PBXFileReference; lastKnownFileType = text.plist.xml; path = Info.plist; sourceTree = "<group>"; };
		65CCB0C2266B96D200866EDA /* BaseView.swift */ = {isa = PBXFileReference; fileEncoding = 4; lastKnownFileType = sourcecode.swift; path = BaseView.swift; sourceTree = "<group>"; };
		65CCB0C3266B96D200866EDA /* BaseController.swift */ = {isa = PBXFileReference; fileEncoding = 4; lastKnownFileType = sourcecode.swift; path = BaseController.swift; sourceTree = "<group>"; };
		65CCB0C9266B976400866EDA /* ViewLifeCycle.swift */ = {isa = PBXFileReference; lastKnownFileType = sourcecode.swift; path = ViewLifeCycle.swift; sourceTree = "<group>"; };
		65CCB0CE266B978300866EDA /* BaseController+ViewLoader.swift */ = {isa = PBXFileReference; lastKnownFileType = sourcecode.swift; path = "BaseController+ViewLoader.swift"; sourceTree = "<group>"; };
		65CCB0D4266B97D800866EDA /* String+Utils.swift */ = {isa = PBXFileReference; lastKnownFileType = sourcecode.swift; path = "String+Utils.swift"; sourceTree = "<group>"; };
		65CCB0DC266B984100866EDA /* ErrorHandling.swift */ = {isa = PBXFileReference; lastKnownFileType = sourcecode.swift; path = ErrorHandling.swift; sourceTree = "<group>"; };
		65CCB0E2266B9BB900866EDA /* ProductListController.swift */ = {isa = PBXFileReference; lastKnownFileType = sourcecode.swift; path = ProductListController.swift; sourceTree = "<group>"; };
		65CCB0E3266B9BB900866EDA /* ProductListView.swift */ = {isa = PBXFileReference; lastKnownFileType = sourcecode.swift; path = ProductListView.swift; sourceTree = "<group>"; };
		65CCB0E4266B9BB900866EDA /* ProductListView.xib */ = {isa = PBXFileReference; lastKnownFileType = file.xib; path = ProductListView.xib; sourceTree = "<group>"; };
		65CCB0FB266BB4AC00866EDA /* TableView.swift */ = {isa = PBXFileReference; lastKnownFileType = sourcecode.swift; path = TableView.swift; sourceTree = "<group>"; };
		65CCB100266BB54C00866EDA /* NibLoadable.swift */ = {isa = PBXFileReference; lastKnownFileType = sourcecode.swift; path = NibLoadable.swift; sourceTree = "<group>"; };
		65CCB108266BB57800866EDA /* ReusableView.swift */ = {isa = PBXFileReference; lastKnownFileType = sourcecode.swift; path = ReusableView.swift; sourceTree = "<group>"; };
		65CCB112266BC1BE00866EDA /* ProductCell.swift */ = {isa = PBXFileReference; lastKnownFileType = sourcecode.swift; path = ProductCell.swift; sourceTree = "<group>"; };
		65CCB113266BC1BE00866EDA /* ProductCell.xib */ = {isa = PBXFileReference; lastKnownFileType = file.xib; path = ProductCell.xib; sourceTree = "<group>"; };
		65CCB11C266BC8D900866EDA /* Date+Utils.swift */ = {isa = PBXFileReference; lastKnownFileType = sourcecode.swift; path = "Date+Utils.swift"; sourceTree = "<group>"; };
		65CCB123266BD4CB00866EDA /* ImageCache.swift */ = {isa = PBXFileReference; fileEncoding = 4; lastKnownFileType = sourcecode.swift; path = ImageCache.swift; sourceTree = "<group>"; };
		65CCB124266BD4CB00866EDA /* ImageLoader.swift */ = {isa = PBXFileReference; fileEncoding = 4; lastKnownFileType = sourcecode.swift; path = ImageLoader.swift; sourceTree = "<group>"; };
		65CCB143266BE2BA00866EDA /* ProductDetailsController.swift */ = {isa = PBXFileReference; lastKnownFileType = sourcecode.swift; path = ProductDetailsController.swift; sourceTree = "<group>"; };
		65CCB144266BE2BA00866EDA /* ProductDetailsView.swift */ = {isa = PBXFileReference; lastKnownFileType = sourcecode.swift; path = ProductDetailsView.swift; sourceTree = "<group>"; };
		65CCB145266BE2BA00866EDA /* ProductDetailsView.xib */ = {isa = PBXFileReference; lastKnownFileType = file.xib; path = ProductDetailsView.xib; sourceTree = "<group>"; };
		65CCB14C266BE72600866EDA /* CollectionView.swift */ = {isa = PBXFileReference; lastKnownFileType = sourcecode.swift; path = CollectionView.swift; sourceTree = "<group>"; };
		65CCB159266BE85900866EDA /* ProductImage.swift */ = {isa = PBXFileReference; lastKnownFileType = sourcecode.swift; path = ProductImage.swift; sourceTree = "<group>"; };
		65CCB15F266BEA7600866EDA /* ProductImageCell.swift */ = {isa = PBXFileReference; lastKnownFileType = sourcecode.swift; path = ProductImageCell.swift; sourceTree = "<group>"; };
		65CCB160266BEA7600866EDA /* ProductImageCell.xib */ = {isa = PBXFileReference; lastKnownFileType = file.xib; path = ProductImageCell.xib; sourceTree = "<group>"; };
		65FDB0A8266A76A6000A3126 /* Repository.swift */ = {isa = PBXFileReference; lastKnownFileType = sourcecode.swift; path = Repository.swift; sourceTree = "<group>"; };
		65FDB0B1266A79B7000A3126 /* Types.swift */ = {isa = PBXFileReference; lastKnownFileType = sourcecode.swift; path = Types.swift; sourceTree = "<group>"; };
		65FDB0B9266A79D5000A3126 /* Enums.swift */ = {isa = PBXFileReference; lastKnownFileType = sourcecode.swift; path = Enums.swift; sourceTree = "<group>"; };
		65FDB0BF266A7A12000A3126 /* ErrorConvertible.swift */ = {isa = PBXFileReference; lastKnownFileType = sourcecode.swift; path = ErrorConvertible.swift; sourceTree = "<group>"; };
		65FDB0C8266A7AC5000A3126 /* ProductsProvider.swift */ = {isa = PBXFileReference; lastKnownFileType = sourcecode.swift; path = ProductsProvider.swift; sourceTree = "<group>"; };
		65FDB0CD266A7B60000A3126 /* ProductsAPIRepository.swift */ = {isa = PBXFileReference; lastKnownFileType = sourcecode.swift; path = ProductsAPIRepository.swift; sourceTree = "<group>"; };
		65FDB0D3266A7BBA000A3126 /* Product.swift */ = {isa = PBXFileReference; lastKnownFileType = sourcecode.swift; path = Product.swift; sourceTree = "<group>"; };
		65FDB0DF266A8AE2000A3126 /* ProductsResponse.swift */ = {isa = PBXFileReference; lastKnownFileType = sourcecode.swift; path = ProductsResponse.swift; sourceTree = "<group>"; };
		65FDB0E8266A8FFA000A3126 /* ProductsService.swift */ = {isa = PBXFileReference; lastKnownFileType = sourcecode.swift; path = ProductsService.swift; sourceTree = "<group>"; };
		65FDB0F0266A9610000A3126 /* Constants.swift */ = {isa = PBXFileReference; lastKnownFileType = sourcecode.swift; path = Constants.swift; sourceTree = "<group>"; };
		65FDB0F6266A996C000A3126 /* Codable+Helper.swift */ = {isa = PBXFileReference; lastKnownFileType = sourcecode.swift; path = "Codable+Helper.swift"; sourceTree = "<group>"; };
		65FDB0FC266AA0CC000A3126 /* ProductsViewModel.swift */ = {isa = PBXFileReference; lastKnownFileType = sourcecode.swift; path = ProductsViewModel.swift; sourceTree = "<group>"; };
		65FDB101266AAF14000A3126 /* Strings.swift */ = {isa = PBXFileReference; lastKnownFileType = sourcecode.swift; path = Strings.swift; sourceTree = "<group>"; };
		6F895A18CC94E593456DAC99 /* Pods-ProductTests.debug.xcconfig */ = {isa = PBXFileReference; includeInIndex = 1; lastKnownFileType = text.xcconfig; name = "Pods-ProductTests.debug.xcconfig"; path = "Target Support Files/Pods-ProductTests/Pods-ProductTests.debug.xcconfig"; sourceTree = "<group>"; };
		9D944864E28E52E536AFF3A5 /* Pods-Product-ProductUITests.release.xcconfig */ = {isa = PBXFileReference; includeInIndex = 1; lastKnownFileType = text.xcconfig; name = "Pods-Product-ProductUITests.release.xcconfig"; path = "Target Support Files/Pods-Product-ProductUITests/Pods-Product-ProductUITests.release.xcconfig"; sourceTree = "<group>"; };
		B49CA7D441E388F7DFD358B6 /* Pods-ProductTests.release.xcconfig */ = {isa = PBXFileReference; includeInIndex = 1; lastKnownFileType = text.xcconfig; name = "Pods-ProductTests.release.xcconfig"; path = "Target Support Files/Pods-ProductTests/Pods-ProductTests.release.xcconfig"; sourceTree = "<group>"; };
		CFF457E5621D66FFEF6CFC92 /* Pods-Product.release.xcconfig */ = {isa = PBXFileReference; includeInIndex = 1; lastKnownFileType = text.xcconfig; name = "Pods-Product.release.xcconfig"; path = "Target Support Files/Pods-Product/Pods-Product.release.xcconfig"; sourceTree = "<group>"; };
		F363EF92B4B980D8ED7EA75C /* Pods_Product.framework */ = {isa = PBXFileReference; explicitFileType = wrapper.framework; includeInIndex = 0; path = Pods_Product.framework; sourceTree = BUILT_PRODUCTS_DIR; };
/* End PBXFileReference section */

/* Begin PBXFrameworksBuildPhase section */
		6588F665266A42E700EFA8B7 /* Frameworks */ = {
			isa = PBXFrameworksBuildPhase;
			buildActionMask = 2147483647;
			files = (
				A23B030CF42380EB756B7387 /* Pods_Product.framework in Frameworks */,
			);
			runOnlyForDeploymentPostprocessing = 0;
		};
		6588F67B266A42E800EFA8B7 /* Frameworks */ = {
			isa = PBXFrameworksBuildPhase;
			buildActionMask = 2147483647;
			files = (
				D2D12ADF3547FFC7A4645BC4 /* Pods_ProductTests.framework in Frameworks */,
			);
			runOnlyForDeploymentPostprocessing = 0;
		};
		6588F686266A42E800EFA8B7 /* Frameworks */ = {
			isa = PBXFrameworksBuildPhase;
			buildActionMask = 2147483647;
			files = (
				2F5F5D20A78847B796A52BF8 /* Pods_Product_ProductUITests.framework in Frameworks */,
			);
			runOnlyForDeploymentPostprocessing = 0;
		};
/* End PBXFrameworksBuildPhase section */

/* Begin PBXGroup section */
		6588F65F266A42E700EFA8B7 = {
			isa = PBXGroup;
			children = (
				6588F66A266A42E700EFA8B7 /* Product */,
				6588F681266A42E800EFA8B7 /* ProductTests */,
				6588F68C266A42E800EFA8B7 /* ProductUITests */,
				6588F669266A42E700EFA8B7 /* Products */,
				B60D9DE3E047BFD066A48EA6 /* Pods */,
				897B2BC03D3F20A164FF50A5 /* Frameworks */,
			);
			sourceTree = "<group>";
		};
		6588F669266A42E700EFA8B7 /* Products */ = {
			isa = PBXGroup;
			children = (
				6588F668266A42E700EFA8B7 /* Product.app */,
				6588F67E266A42E800EFA8B7 /* ProductTests.xctest */,
				6588F689266A42E800EFA8B7 /* ProductUITests.xctest */,
			);
			name = Products;
			sourceTree = "<group>";
		};
		6588F66A266A42E700EFA8B7 /* Product */ = {
			isa = PBXGroup;
			children = (
				6588F69E266A435000EFA8B7 /* AppDelegate */,
				65CCB110266BC19100866EDA /* Cells */,
				65CCB0FA266BB48600866EDA /* Components */,
				65FDB0B0266A79AA000A3126 /* Constants */,
				65FDB0F5266A994A000A3126 /* Extenstions */,
				65CCB121266BD4B100866EDA /* External */,
				65FDB0D2266A7BAC000A3126 /* Models */,
				65FDB0BE266A79FF000A3126 /* Protocols */,
				65FDB0C7266A7AB5000A3126 /* Providers */,
				65FDB0A7266A7684000A3126 /* Repositories */,
				6588F6A6266A436A00EFA8B7 /* Resources */,
				65FDB0DE266A8ABC000A3126 /* Response */,
				65CCB0C0266B96A700866EDA /* Scenes */,
				65FDB0E7266A8FE8000A3126 /* Services */,
				65CCB0D3266B97C600866EDA /* Utils */,
				65FDB0FB266AA0A0000A3126 /* ViewModel */,
			);
			path = Product;
			sourceTree = "<group>";
		};
		6588F681266A42E800EFA8B7 /* ProductTests */ = {
			isa = PBXGroup;
			children = (
				6588F682266A42E800EFA8B7 /* ProductTests.swift */,
				6588F684266A42E800EFA8B7 /* Info.plist */,
			);
			path = ProductTests;
			sourceTree = "<group>";
		};
		6588F68C266A42E800EFA8B7 /* ProductUITests */ = {
			isa = PBXGroup;
			children = (
				6588F68D266A42E800EFA8B7 /* ProductUITests.swift */,
				6588F68F266A42E800EFA8B7 /* Info.plist */,
			);
			path = ProductUITests;
			sourceTree = "<group>";
		};
		6588F69E266A435000EFA8B7 /* AppDelegate */ = {
			isa = PBXGroup;
			children = (
				6588F66B266A42E700EFA8B7 /* AppDelegate.swift */,
			);
			path = AppDelegate;
			sourceTree = "<group>";
		};
		6588F6A6266A436A00EFA8B7 /* Resources */ = {
			isa = PBXGroup;
			children = (
				6588F674266A42E800EFA8B7 /* Assets.xcassets */,
				6588F676266A42E800EFA8B7 /* LaunchScreen.storyboard */,
				6588F679266A42E800EFA8B7 /* Info.plist */,
			);
			path = Resources;
			sourceTree = "<group>";
		};
		65CCB0C0266B96A700866EDA /* Scenes */ = {
			isa = PBXGroup;
			children = (
				65CCB12D266BE08B00866EDA /* ProductDetails */,
				65CCB0E1266B9B9300866EDA /* ProductList */,
				65CCB0C1266B96B300866EDA /* Base */,
			);
			path = Scenes;
			sourceTree = "<group>";
		};
		65CCB0C1266B96B300866EDA /* Base */ = {
			isa = PBXGroup;
			children = (
				65CCB0C3266B96D200866EDA /* BaseController.swift */,
				65CCB0C2266B96D200866EDA /* BaseView.swift */,
				65CCB0CE266B978300866EDA /* BaseController+ViewLoader.swift */,
			);
			path = Base;
			sourceTree = "<group>";
		};
		65CCB0D3266B97C600866EDA /* Utils */ = {
			isa = PBXGroup;
			children = (
				65CCB0D4266B97D800866EDA /* String+Utils.swift */,
			);
			path = Utils;
			sourceTree = "<group>";
		};
		65CCB0E1266B9B9300866EDA /* ProductList */ = {
			isa = PBXGroup;
			children = (
				65CCB0E2266B9BB900866EDA /* ProductListController.swift */,
				65CCB0E3266B9BB900866EDA /* ProductListView.swift */,
				65CCB0E4266B9BB900866EDA /* ProductListView.xib */,
			);
			path = ProductList;
			sourceTree = "<group>";
		};
		65CCB0FA266BB48600866EDA /* Components */ = {
			isa = PBXGroup;
			children = (
				65CCB0FB266BB4AC00866EDA /* TableView.swift */,
				65CCB14C266BE72600866EDA /* CollectionView.swift */,
			);
			path = Components;
			sourceTree = "<group>";
		};
		65CCB110266BC19100866EDA /* Cells */ = {
			isa = PBXGroup;
			children = (
				65CCB15E266BEA5300866EDA /* ProductImageCell */,
				65CCB111266BC1A000866EDA /* ProductCell */,
			);
			path = Cells;
			sourceTree = "<group>";
		};
		65CCB111266BC1A000866EDA /* ProductCell */ = {
			isa = PBXGroup;
			children = (
				65CCB112266BC1BE00866EDA /* ProductCell.swift */,
				65CCB113266BC1BE00866EDA /* ProductCell.xib */,
			);
			path = ProductCell;
			sourceTree = "<group>";
		};
		65CCB121266BD4B100866EDA /* External */ = {
			isa = PBXGroup;
			children = (
				65CCB122266BD4BD00866EDA /* Image */,
			);
			path = External;
			sourceTree = "<group>";
		};
		65CCB122266BD4BD00866EDA /* Image */ = {
			isa = PBXGroup;
			children = (
				65CCB123266BD4CB00866EDA /* ImageCache.swift */,
				65CCB124266BD4CB00866EDA /* ImageLoader.swift */,
			);
			path = Image;
			sourceTree = "<group>";
		};
		65CCB12D266BE08B00866EDA /* ProductDetails */ = {
			isa = PBXGroup;
			children = (
				65CCB143266BE2BA00866EDA /* ProductDetailsController.swift */,
				65CCB144266BE2BA00866EDA /* ProductDetailsView.swift */,
				65CCB145266BE2BA00866EDA /* ProductDetailsView.xib */,
			);
			path = ProductDetails;
			sourceTree = "<group>";
		};
		65CCB15E266BEA5300866EDA /* ProductImageCell */ = {
			isa = PBXGroup;
			children = (
				65CCB15F266BEA7600866EDA /* ProductImageCell.swift */,
				65CCB160266BEA7600866EDA /* ProductImageCell.xib */,
			);
			path = ProductImageCell;
			sourceTree = "<group>";
		};
		65FDB0A7266A7684000A3126 /* Repositories */ = {
			isa = PBXGroup;
			children = (
				65FDB0A8266A76A6000A3126 /* Repository.swift */,
				65FDB0CD266A7B60000A3126 /* ProductsAPIRepository.swift */,
			);
			path = Repositories;
			sourceTree = "<group>";
		};
		65FDB0B0266A79AA000A3126 /* Constants */ = {
			isa = PBXGroup;
			children = (
				65FDB0B1266A79B7000A3126 /* Types.swift */,
				65FDB0B9266A79D5000A3126 /* Enums.swift */,
				65FDB0F0266A9610000A3126 /* Constants.swift */,
				65FDB101266AAF14000A3126 /* Strings.swift */,
			);
			path = Constants;
			sourceTree = "<group>";
		};
		65FDB0BE266A79FF000A3126 /* Protocols */ = {
			isa = PBXGroup;
			children = (
				65FDB0BF266A7A12000A3126 /* ErrorConvertible.swift */,
				65CCB0C9266B976400866EDA /* ViewLifeCycle.swift */,
				65CCB0DC266B984100866EDA /* ErrorHandling.swift */,
				65CCB100266BB54C00866EDA /* NibLoadable.swift */,
				65CCB108266BB57800866EDA /* ReusableView.swift */,
			);
			path = Protocols;
			sourceTree = "<group>";
		};
		65FDB0C7266A7AB5000A3126 /* Providers */ = {
			isa = PBXGroup;
			children = (
				65FDB0C8266A7AC5000A3126 /* ProductsProvider.swift */,
			);
			path = Providers;
			sourceTree = "<group>";
		};
		65FDB0D2266A7BAC000A3126 /* Models */ = {
			isa = PBXGroup;
			children = (
				65FDB0D3266A7BBA000A3126 /* Product.swift */,
				65CCB159266BE85900866EDA /* ProductImage.swift */,
			);
			path = Models;
			sourceTree = "<group>";
		};
		65FDB0DE266A8ABC000A3126 /* Response */ = {
			isa = PBXGroup;
			children = (
				65FDB0DF266A8AE2000A3126 /* ProductsResponse.swift */,
			);
			path = Response;
			sourceTree = "<group>";
		};
		65FDB0E7266A8FE8000A3126 /* Services */ = {
			isa = PBXGroup;
			children = (
				65FDB0E8266A8FFA000A3126 /* ProductsService.swift */,
			);
			path = Services;
			sourceTree = "<group>";
		};
		65FDB0F5266A994A000A3126 /* Extenstions */ = {
			isa = PBXGroup;
			children = (
				65FDB0F6266A996C000A3126 /* Codable+Helper.swift */,
				65CCB11C266BC8D900866EDA /* Date+Utils.swift */,
			);
			path = Extenstions;
			sourceTree = "<group>";
		};
		65FDB0FB266AA0A0000A3126 /* ViewModel */ = {
			isa = PBXGroup;
			children = (
				65FDB0FC266AA0CC000A3126 /* ProductsViewModel.swift */,
			);
			path = ViewModel;
			sourceTree = "<group>";
		};
		897B2BC03D3F20A164FF50A5 /* Frameworks */ = {
			isa = PBXGroup;
			children = (
				F363EF92B4B980D8ED7EA75C /* Pods_Product.framework */,
				5B29F1F793869A4872DBE18C /* Pods_Product_ProductUITests.framework */,
				5D2A9CA93AB5E5DA45D1FE2F /* Pods_ProductTests.framework */,
			);
			name = Frameworks;
			sourceTree = "<group>";
		};
		B60D9DE3E047BFD066A48EA6 /* Pods */ = {
			isa = PBXGroup;
			children = (
				349BBC8AEDB2849854FEECC8 /* Pods-Product.debug.xcconfig */,
				CFF457E5621D66FFEF6CFC92 /* Pods-Product.release.xcconfig */,
				13775756548F5A4AAAFC28C4 /* Pods-Product-ProductUITests.debug.xcconfig */,
				9D944864E28E52E536AFF3A5 /* Pods-Product-ProductUITests.release.xcconfig */,
				6F895A18CC94E593456DAC99 /* Pods-ProductTests.debug.xcconfig */,
				B49CA7D441E388F7DFD358B6 /* Pods-ProductTests.release.xcconfig */,
			);
			path = Pods;
			sourceTree = "<group>";
		};
/* End PBXGroup section */

/* Begin PBXNativeTarget section */
		6588F667266A42E700EFA8B7 /* Product */ = {
			isa = PBXNativeTarget;
			buildConfigurationList = 6588F692266A42E800EFA8B7 /* Build configuration list for PBXNativeTarget "Product" */;
			buildPhases = (
				CE130C25C2A8C60A08EA656B /* [CP] Check Pods Manifest.lock */,
				65FDB0A3266A7261000A3126 /* ShellScript */,
				6588F664266A42E700EFA8B7 /* Sources */,
				6588F665266A42E700EFA8B7 /* Frameworks */,
				6588F666266A42E700EFA8B7 /* Resources */,
			);
			buildRules = (
			);
			dependencies = (
			);
			name = Product;
			productName = Product;
			productReference = 6588F668266A42E700EFA8B7 /* Product.app */;
			productType = "com.apple.product-type.application";
		};
		6588F67D266A42E800EFA8B7 /* ProductTests */ = {
			isa = PBXNativeTarget;
			buildConfigurationList = 6588F695266A42E800EFA8B7 /* Build configuration list for PBXNativeTarget "ProductTests" */;
			buildPhases = (
				FB3F0A2735D0B63A3C4203B9 /* [CP] Check Pods Manifest.lock */,
				6588F67A266A42E800EFA8B7 /* Sources */,
				6588F67B266A42E800EFA8B7 /* Frameworks */,
				6588F67C266A42E800EFA8B7 /* Resources */,
			);
			buildRules = (
			);
			dependencies = (
				6588F680266A42E800EFA8B7 /* PBXTargetDependency */,
			);
			name = ProductTests;
			productName = ProductTests;
			productReference = 6588F67E266A42E800EFA8B7 /* ProductTests.xctest */;
			productType = "com.apple.product-type.bundle.unit-test";
		};
		6588F688266A42E800EFA8B7 /* ProductUITests */ = {
			isa = PBXNativeTarget;
			buildConfigurationList = 6588F698266A42E800EFA8B7 /* Build configuration list for PBXNativeTarget "ProductUITests" */;
			buildPhases = (
				90EA3911A6E9DE022BEC18D4 /* [CP] Check Pods Manifest.lock */,
				6588F685266A42E800EFA8B7 /* Sources */,
				6588F686266A42E800EFA8B7 /* Frameworks */,
				6588F687266A42E800EFA8B7 /* Resources */,
			);
			buildRules = (
			);
			dependencies = (
				6588F68B266A42E800EFA8B7 /* PBXTargetDependency */,
			);
			name = ProductUITests;
			productName = ProductUITests;
			productReference = 6588F689266A42E800EFA8B7 /* ProductUITests.xctest */;
			productType = "com.apple.product-type.bundle.ui-testing";
		};
/* End PBXNativeTarget section */

/* Begin PBXProject section */
		6588F660266A42E700EFA8B7 /* Project object */ = {
			isa = PBXProject;
			attributes = {
				LastSwiftUpdateCheck = 1240;
				LastUpgradeCheck = 1240;
				TargetAttributes = {
					6588F667266A42E700EFA8B7 = {
						CreatedOnToolsVersion = 12.4;
						LastSwiftMigration = 1240;
					};
					6588F67D266A42E800EFA8B7 = {
						CreatedOnToolsVersion = 12.4;
						TestTargetID = 6588F667266A42E700EFA8B7;
					};
					6588F688266A42E800EFA8B7 = {
						CreatedOnToolsVersion = 12.4;
						TestTargetID = 6588F667266A42E700EFA8B7;
					};
				};
			};
			buildConfigurationList = 6588F663266A42E700EFA8B7 /* Build configuration list for PBXProject "Product" */;
			compatibilityVersion = "Xcode 9.3";
			developmentRegion = en;
			hasScannedForEncodings = 0;
			knownRegions = (
				en,
				Base,
			);
			mainGroup = 6588F65F266A42E700EFA8B7;
			productRefGroup = 6588F669266A42E700EFA8B7 /* Products */;
			projectDirPath = "";
			projectRoot = "";
			targets = (
				6588F667266A42E700EFA8B7 /* Product */,
				6588F67D266A42E800EFA8B7 /* ProductTests */,
				6588F688266A42E800EFA8B7 /* ProductUITests */,
			);
		};
/* End PBXProject section */

/* Begin PBXResourcesBuildPhase section */
		6588F666266A42E700EFA8B7 /* Resources */ = {
			isa = PBXResourcesBuildPhase;
			buildActionMask = 2147483647;
			files = (
				65CCB148266BE2BA00866EDA /* ProductDetailsView.xib in Resources */,
				65CCB0E7266B9BB900866EDA /* ProductListView.xib in Resources */,
				65CCB115266BC1BE00866EDA /* ProductCell.xib in Resources */,
				6588F678266A42E800EFA8B7 /* LaunchScreen.storyboard in Resources */,
				6588F675266A42E800EFA8B7 /* Assets.xcassets in Resources */,
				65CCB162266BEA7600866EDA /* ProductImageCell.xib in Resources */,
			);
			runOnlyForDeploymentPostprocessing = 0;
		};
		6588F67C266A42E800EFA8B7 /* Resources */ = {
			isa = PBXResourcesBuildPhase;
			buildActionMask = 2147483647;
			files = (
			);
			runOnlyForDeploymentPostprocessing = 0;
		};
		6588F687266A42E800EFA8B7 /* Resources */ = {
			isa = PBXResourcesBuildPhase;
			buildActionMask = 2147483647;
			files = (
			);
			runOnlyForDeploymentPostprocessing = 0;
		};
/* End PBXResourcesBuildPhase section */

/* Begin PBXShellScriptBuildPhase section */
		65FDB0A3266A7261000A3126 /* ShellScript */ = {
			isa = PBXShellScriptBuildPhase;
			buildActionMask = 2147483647;
			files = (
			);
			inputFileListPaths = (
			);
			inputPaths = (
			);
			outputFileListPaths = (
			);
			outputPaths = (
			);
			runOnlyForDeploymentPostprocessing = 0;
			shellPath = /bin/sh;
			shellScript = "${PODS_ROOT}/SwiftLint/swiftlint\n";
		};
		90EA3911A6E9DE022BEC18D4 /* [CP] Check Pods Manifest.lock */ = {
			isa = PBXShellScriptBuildPhase;
			buildActionMask = 2147483647;
			files = (
			);
			inputFileListPaths = (
			);
			inputPaths = (
				"${PODS_PODFILE_DIR_PATH}/Podfile.lock",
				"${PODS_ROOT}/Manifest.lock",
			);
			name = "[CP] Check Pods Manifest.lock";
			outputFileListPaths = (
			);
			outputPaths = (
				"$(DERIVED_FILE_DIR)/Pods-Product-ProductUITests-checkManifestLockResult.txt",
			);
			runOnlyForDeploymentPostprocessing = 0;
			shellPath = /bin/sh;
			shellScript = "diff \"${PODS_PODFILE_DIR_PATH}/Podfile.lock\" \"${PODS_ROOT}/Manifest.lock\" > /dev/null\nif [ $? != 0 ] ; then\n    # print error to STDERR\n    echo \"error: The sandbox is not in sync with the Podfile.lock. Run 'pod install' or update your CocoaPods installation.\" >&2\n    exit 1\nfi\n# This output is used by Xcode 'outputs' to avoid re-running this script phase.\necho \"SUCCESS\" > \"${SCRIPT_OUTPUT_FILE_0}\"\n";
			showEnvVarsInLog = 0;
		};
		CE130C25C2A8C60A08EA656B /* [CP] Check Pods Manifest.lock */ = {
			isa = PBXShellScriptBuildPhase;
			buildActionMask = 2147483647;
			files = (
			);
			inputFileListPaths = (
			);
			inputPaths = (
				"${PODS_PODFILE_DIR_PATH}/Podfile.lock",
				"${PODS_ROOT}/Manifest.lock",
			);
			name = "[CP] Check Pods Manifest.lock";
			outputFileListPaths = (
			);
			outputPaths = (
				"$(DERIVED_FILE_DIR)/Pods-Product-checkManifestLockResult.txt",
			);
			runOnlyForDeploymentPostprocessing = 0;
			shellPath = /bin/sh;
			shellScript = "diff \"${PODS_PODFILE_DIR_PATH}/Podfile.lock\" \"${PODS_ROOT}/Manifest.lock\" > /dev/null\nif [ $? != 0 ] ; then\n    # print error to STDERR\n    echo \"error: The sandbox is not in sync with the Podfile.lock. Run 'pod install' or update your CocoaPods installation.\" >&2\n    exit 1\nfi\n# This output is used by Xcode 'outputs' to avoid re-running this script phase.\necho \"SUCCESS\" > \"${SCRIPT_OUTPUT_FILE_0}\"\n";
			showEnvVarsInLog = 0;
		};
		FB3F0A2735D0B63A3C4203B9 /* [CP] Check Pods Manifest.lock */ = {
			isa = PBXShellScriptBuildPhase;
			buildActionMask = 2147483647;
			files = (
			);
			inputFileListPaths = (
			);
			inputPaths = (
				"${PODS_PODFILE_DIR_PATH}/Podfile.lock",
				"${PODS_ROOT}/Manifest.lock",
			);
			name = "[CP] Check Pods Manifest.lock";
			outputFileListPaths = (
			);
			outputPaths = (
				"$(DERIVED_FILE_DIR)/Pods-ProductTests-checkManifestLockResult.txt",
			);
			runOnlyForDeploymentPostprocessing = 0;
			shellPath = /bin/sh;
			shellScript = "diff \"${PODS_PODFILE_DIR_PATH}/Podfile.lock\" \"${PODS_ROOT}/Manifest.lock\" > /dev/null\nif [ $? != 0 ] ; then\n    # print error to STDERR\n    echo \"error: The sandbox is not in sync with the Podfile.lock. Run 'pod install' or update your CocoaPods installation.\" >&2\n    exit 1\nfi\n# This output is used by Xcode 'outputs' to avoid re-running this script phase.\necho \"SUCCESS\" > \"${SCRIPT_OUTPUT_FILE_0}\"\n";
			showEnvVarsInLog = 0;
		};
/* End PBXShellScriptBuildPhase section */

/* Begin PBXSourcesBuildPhase section */
		6588F664266A42E700EFA8B7 /* Sources */ = {
			isa = PBXSourcesBuildPhase;
			buildActionMask = 2147483647;
			files = (
				65CCB0E6266B9BB900866EDA /* ProductListView.swift in Sources */,
				65FDB0F7266A996C000A3126 /* Codable+Helper.swift in Sources */,
				65FDB0C9266A7AC5000A3126 /* ProductsProvider.swift in Sources */,
				65CCB126266BD4CB00866EDA /* ImageLoader.swift in Sources */,
				65FDB102266AAF14000A3126 /* Strings.swift in Sources */,
				65CCB0C4266B96D200866EDA /* BaseView.swift in Sources */,
				65CCB0CA266B976400866EDA /* ViewLifeCycle.swift in Sources */,
				65CCB147266BE2BA00866EDA /* ProductDetailsView.swift in Sources */,
				65CCB0D5266B97D800866EDA /* String+Utils.swift in Sources */,
				65CCB109266BB57800866EDA /* ReusableView.swift in Sources */,
				65FDB0CE266A7B60000A3126 /* ProductsAPIRepository.swift in Sources */,
				65CCB0CF266B978300866EDA /* BaseController+ViewLoader.swift in Sources */,
				65FDB0FD266AA0CC000A3126 /* ProductsViewModel.swift in Sources */,
				6588F66C266A42E700EFA8B7 /* AppDelegate.swift in Sources */,
				65FDB0E9266A8FFA000A3126 /* ProductsService.swift in Sources */,
				65CCB0FC266BB4AC00866EDA /* TableView.swift in Sources */,
				65CCB0C5266B96D200866EDA /* BaseController.swift in Sources */,
				65CCB146266BE2BA00866EDA /* ProductDetailsController.swift in Sources */,
				65FDB0B2266A79B7000A3126 /* Types.swift in Sources */,
				65CCB101266BB54C00866EDA /* NibLoadable.swift in Sources */,
				65CCB114266BC1BE00866EDA /* ProductCell.swift in Sources */,
				65FDB0F1266A9610000A3126 /* Constants.swift in Sources */,
				65CCB14D266BE72600866EDA /* CollectionView.swift in Sources */,
				65CCB15A266BE85900866EDA /* ProductImage.swift in Sources */,
				65CCB11D266BC8D900866EDA /* Date+Utils.swift in Sources */,
				65FDB0BA266A79D5000A3126 /* Enums.swift in Sources */,
				65CCB0DD266B984100866EDA /* ErrorHandling.swift in Sources */,
				65FDB0E0266A8AE2000A3126 /* ProductsResponse.swift in Sources */,
				65CCB0E5266B9BB900866EDA /* ProductListController.swift in Sources */,
				65FDB0D4266A7BBA000A3126 /* Product.swift in Sources */,
				65FDB0C0266A7A12000A3126 /* ErrorConvertible.swift in Sources */,
				65CCB125266BD4CB00866EDA /* ImageCache.swift in Sources */,
				65FDB0A9266A76A6000A3126 /* Repository.swift in Sources */,
				65CCB161266BEA7600866EDA /* ProductImageCell.swift in Sources */,
			);
			runOnlyForDeploymentPostprocessing = 0;
		};
		6588F67A266A42E800EFA8B7 /* Sources */ = {
			isa = PBXSourcesBuildPhase;
			buildActionMask = 2147483647;
			files = (
				6588F683266A42E800EFA8B7 /* ProductTests.swift in Sources */,
			);
			runOnlyForDeploymentPostprocessing = 0;
		};
		6588F685266A42E800EFA8B7 /* Sources */ = {
			isa = PBXSourcesBuildPhase;
			buildActionMask = 2147483647;
			files = (
				6588F68E266A42E800EFA8B7 /* ProductUITests.swift in Sources */,
			);
			runOnlyForDeploymentPostprocessing = 0;
		};
/* End PBXSourcesBuildPhase section */

/* Begin PBXTargetDependency section */
		6588F680266A42E800EFA8B7 /* PBXTargetDependency */ = {
			isa = PBXTargetDependency;
			target = 6588F667266A42E700EFA8B7 /* Product */;
			targetProxy = 6588F67F266A42E800EFA8B7 /* PBXContainerItemProxy */;
		};
		6588F68B266A42E800EFA8B7 /* PBXTargetDependency */ = {
			isa = PBXTargetDependency;
			target = 6588F667266A42E700EFA8B7 /* Product */;
			targetProxy = 6588F68A266A42E800EFA8B7 /* PBXContainerItemProxy */;
		};
/* End PBXTargetDependency section */

/* Begin PBXVariantGroup section */
		6588F676266A42E800EFA8B7 /* LaunchScreen.storyboard */ = {
			isa = PBXVariantGroup;
			children = (
				6588F677266A42E800EFA8B7 /* Base */,
			);
			name = LaunchScreen.storyboard;
			sourceTree = "<group>";
		};
/* End PBXVariantGroup section */

/* Begin XCBuildConfiguration section */
		6588F690266A42E800EFA8B7 /* Debug */ = {
			isa = XCBuildConfiguration;
			buildSettings = {
				ALWAYS_SEARCH_USER_PATHS = NO;
				CLANG_ANALYZER_NONNULL = YES;
				CLANG_ANALYZER_NUMBER_OBJECT_CONVERSION = YES_AGGRESSIVE;
				CLANG_CXX_LANGUAGE_STANDARD = "gnu++14";
				CLANG_CXX_LIBRARY = "libc++";
				CLANG_ENABLE_MODULES = YES;
				CLANG_ENABLE_OBJC_ARC = YES;
				CLANG_ENABLE_OBJC_WEAK = YES;
				CLANG_WARN_BLOCK_CAPTURE_AUTORELEASING = YES;
				CLANG_WARN_BOOL_CONVERSION = YES;
				CLANG_WARN_COMMA = YES;
				CLANG_WARN_CONSTANT_CONVERSION = YES;
				CLANG_WARN_DEPRECATED_OBJC_IMPLEMENTATIONS = YES;
				CLANG_WARN_DIRECT_OBJC_ISA_USAGE = YES_ERROR;
				CLANG_WARN_DOCUMENTATION_COMMENTS = YES;
				CLANG_WARN_EMPTY_BODY = YES;
				CLANG_WARN_ENUM_CONVERSION = YES;
				CLANG_WARN_INFINITE_RECURSION = YES;
				CLANG_WARN_INT_CONVERSION = YES;
				CLANG_WARN_NON_LITERAL_NULL_CONVERSION = YES;
				CLANG_WARN_OBJC_IMPLICIT_RETAIN_SELF = YES;
				CLANG_WARN_OBJC_LITERAL_CONVERSION = YES;
				CLANG_WARN_OBJC_ROOT_CLASS = YES_ERROR;
				CLANG_WARN_QUOTED_INCLUDE_IN_FRAMEWORK_HEADER = YES;
				CLANG_WARN_RANGE_LOOP_ANALYSIS = YES;
				CLANG_WARN_STRICT_PROTOTYPES = YES;
				CLANG_WARN_SUSPICIOUS_MOVE = YES;
				CLANG_WARN_UNGUARDED_AVAILABILITY = YES_AGGRESSIVE;
				CLANG_WARN_UNREACHABLE_CODE = YES;
				CLANG_WARN__DUPLICATE_METHOD_MATCH = YES;
				COPY_PHASE_STRIP = NO;
				DEBUG_INFORMATION_FORMAT = dwarf;
				ENABLE_STRICT_OBJC_MSGSEND = YES;
				ENABLE_TESTABILITY = YES;
				GCC_C_LANGUAGE_STANDARD = gnu11;
				GCC_DYNAMIC_NO_PIC = NO;
				GCC_NO_COMMON_BLOCKS = YES;
				GCC_OPTIMIZATION_LEVEL = 0;
				GCC_PREPROCESSOR_DEFINITIONS = (
					"DEBUG=1",
					"$(inherited)",
				);
				GCC_WARN_64_TO_32_BIT_CONVERSION = YES;
				GCC_WARN_ABOUT_RETURN_TYPE = YES_ERROR;
				GCC_WARN_UNDECLARED_SELECTOR = YES;
				GCC_WARN_UNINITIALIZED_AUTOS = YES_AGGRESSIVE;
				GCC_WARN_UNUSED_FUNCTION = YES;
				GCC_WARN_UNUSED_VARIABLE = YES;
				IPHONEOS_DEPLOYMENT_TARGET = 14.4;
				MTL_ENABLE_DEBUG_INFO = INCLUDE_SOURCE;
				MTL_FAST_MATH = YES;
				ONLY_ACTIVE_ARCH = YES;
				SDKROOT = iphoneos;
				SWIFT_ACTIVE_COMPILATION_CONDITIONS = DEBUG;
				SWIFT_OPTIMIZATION_LEVEL = "-Onone";
			};
			name = Debug;
		};
		6588F691266A42E800EFA8B7 /* Release */ = {
			isa = XCBuildConfiguration;
			buildSettings = {
				ALWAYS_SEARCH_USER_PATHS = NO;
				CLANG_ANALYZER_NONNULL = YES;
				CLANG_ANALYZER_NUMBER_OBJECT_CONVERSION = YES_AGGRESSIVE;
				CLANG_CXX_LANGUAGE_STANDARD = "gnu++14";
				CLANG_CXX_LIBRARY = "libc++";
				CLANG_ENABLE_MODULES = YES;
				CLANG_ENABLE_OBJC_ARC = YES;
				CLANG_ENABLE_OBJC_WEAK = YES;
				CLANG_WARN_BLOCK_CAPTURE_AUTORELEASING = YES;
				CLANG_WARN_BOOL_CONVERSION = YES;
				CLANG_WARN_COMMA = YES;
				CLANG_WARN_CONSTANT_CONVERSION = YES;
				CLANG_WARN_DEPRECATED_OBJC_IMPLEMENTATIONS = YES;
				CLANG_WARN_DIRECT_OBJC_ISA_USAGE = YES_ERROR;
				CLANG_WARN_DOCUMENTATION_COMMENTS = YES;
				CLANG_WARN_EMPTY_BODY = YES;
				CLANG_WARN_ENUM_CONVERSION = YES;
				CLANG_WARN_INFINITE_RECURSION = YES;
				CLANG_WARN_INT_CONVERSION = YES;
				CLANG_WARN_NON_LITERAL_NULL_CONVERSION = YES;
				CLANG_WARN_OBJC_IMPLICIT_RETAIN_SELF = YES;
				CLANG_WARN_OBJC_LITERAL_CONVERSION = YES;
				CLANG_WARN_OBJC_ROOT_CLASS = YES_ERROR;
				CLANG_WARN_QUOTED_INCLUDE_IN_FRAMEWORK_HEADER = YES;
				CLANG_WARN_RANGE_LOOP_ANALYSIS = YES;
				CLANG_WARN_STRICT_PROTOTYPES = YES;
				CLANG_WARN_SUSPICIOUS_MOVE = YES;
				CLANG_WARN_UNGUARDED_AVAILABILITY = YES_AGGRESSIVE;
				CLANG_WARN_UNREACHABLE_CODE = YES;
				CLANG_WARN__DUPLICATE_METHOD_MATCH = YES;
				COPY_PHASE_STRIP = NO;
				DEBUG_INFORMATION_FORMAT = "dwarf-with-dsym";
				ENABLE_NS_ASSERTIONS = NO;
				ENABLE_STRICT_OBJC_MSGSEND = YES;
				GCC_C_LANGUAGE_STANDARD = gnu11;
				GCC_NO_COMMON_BLOCKS = YES;
				GCC_WARN_64_TO_32_BIT_CONVERSION = YES;
				GCC_WARN_ABOUT_RETURN_TYPE = YES_ERROR;
				GCC_WARN_UNDECLARED_SELECTOR = YES;
				GCC_WARN_UNINITIALIZED_AUTOS = YES_AGGRESSIVE;
				GCC_WARN_UNUSED_FUNCTION = YES;
				GCC_WARN_UNUSED_VARIABLE = YES;
				IPHONEOS_DEPLOYMENT_TARGET = 14.4;
				MTL_ENABLE_DEBUG_INFO = NO;
				MTL_FAST_MATH = YES;
				SDKROOT = iphoneos;
				SWIFT_COMPILATION_MODE = wholemodule;
				SWIFT_OPTIMIZATION_LEVEL = "-O";
				VALIDATE_PRODUCT = YES;
			};
			name = Release;
		};
		6588F693266A42E800EFA8B7 /* Debug */ = {
			isa = XCBuildConfiguration;
			baseConfigurationReference = 349BBC8AEDB2849854FEECC8 /* Pods-Product.debug.xcconfig */;
			buildSettings = {
				ASSETCATALOG_COMPILER_APPICON_NAME = AppIcon;
				ASSETCATALOG_COMPILER_GLOBAL_ACCENT_COLOR_NAME = AccentColor;
				CLANG_ENABLE_MODULES = YES;
				CODE_SIGN_STYLE = Automatic;
				INFOPLIST_FILE = Product/Resources/Info.plist;
				LD_RUNPATH_SEARCH_PATHS = (
					"$(inherited)",
					"@executable_path/Frameworks",
				);
				PRODUCT_BUNDLE_IDENTIFIER = com.WK.Product;
				PRODUCT_NAME = "$(TARGET_NAME)";
				SWIFT_OBJC_BRIDGING_HEADER = "";
				SWIFT_OPTIMIZATION_LEVEL = "-Onone";
				SWIFT_VERSION = 5.0;
				TARGETED_DEVICE_FAMILY = "1,2";
			};
			name = Debug;
		};
		6588F694266A42E800EFA8B7 /* Release */ = {
			isa = XCBuildConfiguration;
			baseConfigurationReference = CFF457E5621D66FFEF6CFC92 /* Pods-Product.release.xcconfig */;
			buildSettings = {
				ASSETCATALOG_COMPILER_APPICON_NAME = AppIcon;
				ASSETCATALOG_COMPILER_GLOBAL_ACCENT_COLOR_NAME = AccentColor;
				CLANG_ENABLE_MODULES = YES;
				CODE_SIGN_STYLE = Automatic;
				INFOPLIST_FILE = Product/Resources/Info.plist;
				LD_RUNPATH_SEARCH_PATHS = (
					"$(inherited)",
					"@executable_path/Frameworks",
				);
				PRODUCT_BUNDLE_IDENTIFIER = com.WK.Product;
				PRODUCT_NAME = "$(TARGET_NAME)";
				SWIFT_OBJC_BRIDGING_HEADER = "";
				SWIFT_VERSION = 5.0;
				TARGETED_DEVICE_FAMILY = "1,2";
			};
			name = Release;
		};
		6588F696266A42E800EFA8B7 /* Debug */ = {
			isa = XCBuildConfiguration;
			baseConfigurationReference = 6F895A18CC94E593456DAC99 /* Pods-ProductTests.debug.xcconfig */;
			buildSettings = {
				ALWAYS_EMBED_SWIFT_STANDARD_LIBRARIES = YES;
				BUNDLE_LOADER = "$(TEST_HOST)";
				CODE_SIGN_STYLE = Automatic;
				INFOPLIST_FILE = ProductTests/Info.plist;
				IPHONEOS_DEPLOYMENT_TARGET = 14.4;
				LD_RUNPATH_SEARCH_PATHS = (
					"$(inherited)",
					"@executable_path/Frameworks",
					"@loader_path/Frameworks",
				);
				PRODUCT_BUNDLE_IDENTIFIER = com.WK.ProductTests;
				PRODUCT_NAME = "$(TARGET_NAME)";
				SWIFT_VERSION = 5.0;
				TARGETED_DEVICE_FAMILY = "1,2";
				TEST_HOST = "$(BUILT_PRODUCTS_DIR)/Product.app/Product";
			};
			name = Debug;
		};
		6588F697266A42E800EFA8B7 /* Release */ = {
			isa = XCBuildConfiguration;
			baseConfigurationReference = B49CA7D441E388F7DFD358B6 /* Pods-ProductTests.release.xcconfig */;
			buildSettings = {
				ALWAYS_EMBED_SWIFT_STANDARD_LIBRARIES = YES;
				BUNDLE_LOADER = "$(TEST_HOST)";
				CODE_SIGN_STYLE = Automatic;
				INFOPLIST_FILE = ProductTests/Info.plist;
				IPHONEOS_DEPLOYMENT_TARGET = 14.4;
				LD_RUNPATH_SEARCH_PATHS = (
					"$(inherited)",
					"@executable_path/Frameworks",
					"@loader_path/Frameworks",
				);
				PRODUCT_BUNDLE_IDENTIFIER = com.WK.ProductTests;
				PRODUCT_NAME = "$(TARGET_NAME)";
				SWIFT_VERSION = 5.0;
				TARGETED_DEVICE_FAMILY = "1,2";
				TEST_HOST = "$(BUILT_PRODUCTS_DIR)/Product.app/Product";
			};
			name = Release;
		};
		6588F699266A42E800EFA8B7 /* Debug */ = {
			isa = XCBuildConfiguration;
			baseConfigurationReference = 13775756548F5A4AAAFC28C4 /* Pods-Product-ProductUITests.debug.xcconfig */;
			buildSettings = {
				ALWAYS_EMBED_SWIFT_STANDARD_LIBRARIES = YES;
				CODE_SIGN_STYLE = Automatic;
				INFOPLIST_FILE = ProductUITests/Info.plist;
				LD_RUNPATH_SEARCH_PATHS = (
					"$(inherited)",
					"@executable_path/Frameworks",
					"@loader_path/Frameworks",
				);
				PRODUCT_BUNDLE_IDENTIFIER = com.WK.ProductUITests;
				PRODUCT_NAME = "$(TARGET_NAME)";
				SWIFT_VERSION = 5.0;
				TARGETED_DEVICE_FAMILY = "1,2";
				TEST_TARGET_NAME = Product;
			};
			name = Debug;
		};
		6588F69A266A42E800EFA8B7 /* Release */ = {
			isa = XCBuildConfiguration;
			baseConfigurationReference = 9D944864E28E52E536AFF3A5 /* Pods-Product-ProductUITests.release.xcconfig */;
			buildSettings = {
				ALWAYS_EMBED_SWIFT_STANDARD_LIBRARIES = YES;
				CODE_SIGN_STYLE = Automatic;
				INFOPLIST_FILE = ProductUITests/Info.plist;
				LD_RUNPATH_SEARCH_PATHS = (
					"$(inherited)",
					"@executable_path/Frameworks",
					"@loader_path/Frameworks",
				);
				PRODUCT_BUNDLE_IDENTIFIER = com.WK.ProductUITests;
				PRODUCT_NAME = "$(TARGET_NAME)";
				SWIFT_VERSION = 5.0;
				TARGETED_DEVICE_FAMILY = "1,2";
				TEST_TARGET_NAME = Product;
			};
			name = Release;
		};
/* End XCBuildConfiguration section */

/* Begin XCConfigurationList section */
		6588F663266A42E700EFA8B7 /* Build configuration list for PBXProject "Product" */ = {
			isa = XCConfigurationList;
			buildConfigurations = (
				6588F690266A42E800EFA8B7 /* Debug */,
				6588F691266A42E800EFA8B7 /* Release */,
			);
			defaultConfigurationIsVisible = 0;
			defaultConfigurationName = Release;
		};
		6588F692266A42E800EFA8B7 /* Build configuration list for PBXNativeTarget "Product" */ = {
			isa = XCConfigurationList;
			buildConfigurations = (
				6588F693266A42E800EFA8B7 /* Debug */,
				6588F694266A42E800EFA8B7 /* Release */,
			);
			defaultConfigurationIsVisible = 0;
			defaultConfigurationName = Release;
		};
		6588F695266A42E800EFA8B7 /* Build configuration list for PBXNativeTarget "ProductTests" */ = {
			isa = XCConfigurationList;
			buildConfigurations = (
				6588F696266A42E800EFA8B7 /* Debug */,
				6588F697266A42E800EFA8B7 /* Release */,
			);
			defaultConfigurationIsVisible = 0;
			defaultConfigurationName = Release;
		};
		6588F698266A42E800EFA8B7 /* Build configuration list for PBXNativeTarget "ProductUITests" */ = {
			isa = XCConfigurationList;
			buildConfigurations = (
				6588F699266A42E800EFA8B7 /* Debug */,
				6588F69A266A42E800EFA8B7 /* Release */,
			);
			defaultConfigurationIsVisible = 0;
			defaultConfigurationName = Release;
		};
/* End XCConfigurationList section */
	};
	rootObject = 6588F660266A42E700EFA8B7 /* Project object */;
}
